#include <iostream>

using namespace std;
int summation(int a[] ,int b);
int maximum(int a[] ,int b);

int main()
{

    int n;

    cout<<"enter a number ";

    cin>>n;

   int num[n];

    for(int i=0; i<n; i++)
    cin>> num[i];

    int summ = summation(num, n);
    int maxxx = maximum(num, n);

    cout << summ <<endl;
    cout << maxxx;

    return 0;
}
z

int summation(int a[] ,int b){

    int sum = 0;

for(int i=0; i < b ; i++)
{
    sum += a[i];
}
    return sum;

}

int maximum(int a[] , int b){

    int maxx = a[0];

for (int i=1; i < b ; i++)
{
    if (a[i] > maxx){
        maxx = a[i];
    }
}
    return maxx;
