#include <iostream>
#include <vector>

int singleNumber(std::vector<int>& nums) {
    int finalresult = 0;

    // XOR all elements in the array
    for (int num : nums) {
        finalresult ^= num;
    }

    return finalresult;
}

int main() {
    // Example usage
    std::vector<int> nums = {4, 2, 7, 2, 4};

    int result = singleNumber(nums);

    std::cout << "The single element is: " << result << std::endl;

    return 0;
}
